// !$*UTF8*$!
{
	archiveVersion = 1;
	classes = {
	};
	objectVersion = 50;
	objects = {

/* Begin PBXBuildFile section */
		AC746F2A21774597001B2B8F /* AppDelegate.swift in Sources */ = {isa = PBXBuildFile; fileRef = AC746F2921774597001B2B8F /* AppDelegate.swift */; };
		AC746F2C21774597001B2B8F /* art.scnassets in Resources */ = {isa = PBXBuildFile; fileRef = AC746F2B21774597001B2B8F /* art.scnassets */; };
		AC746F2E21774597001B2B8F /* ViewController.swift in Sources */ = {isa = PBXBuildFile; fileRef = AC746F2D21774597001B2B8F /* ViewController.swift */; };
		AC746F3121774597001B2B8F /* Main.storyboard in Resources */ = {isa = PBXBuildFile; fileRef = AC746F2F21774597001B2B8F /* Main.storyboard */; };
		AC746F3321774598001B2B8F /* Assets.xcassets in Resources */ = {isa = PBXBuildFile; fileRef = AC746F3221774598001B2B8F /* Assets.xcassets */; };
		AC746F3621774598001B2B8F /* LaunchScreen.storyboard in Resources */ = {isa = PBXBuildFile; fileRef = AC746F3421774598001B2B8F /* LaunchScreen.storyboard */; };
		AC8DA13D221F0E6900E56A0F /* eam.mp4 in Resources */ = {isa = PBXBuildFile; fileRef = AC8DA13C221F0E6900E56A0F /* eam.mp4 */; };
/* End PBXBuildFile section */

/* Begin PBXFileReference section */
		AC746F2621774597001B2B8F /* EAM360ARVideo.app */ = {isa = PBXFileReference; explicitFileType = wrapper.application; includeInIndex = 0; path = EAM360ARVideo.app; sourceTree = BUILT_PRODUCTS_DIR; };
		AC746F2921774597001B2B8F /* AppDelegate.swift */ = {isa = PBXFileReference; lastKnownFileType = sourcecode.swift; path = AppDelegate.swift; sourceTree = "<group>"; };
		AC746F2B21774597001B2B8F /* art.scnassets */ = {isa = PBXFileReference; lastKnownFileType = wrapper.scnassets; path = art.scnassets; sourceTree = "<group>"; };
		AC746F2D21774597001B2B8F /* ViewController.swift */ = {isa = PBXFileReference; lastKnownFileType = sourcecode.swift; path = ViewController.swift; sourceTree = "<group>"; };
		AC746F3021774597001B2B8F /* Base */ = {isa = PBXFileReference; lastKnownFileType = file.storyboard; name = Base; path = Base.lproj/Main.storyboard; sourceTree = "<group>"; };
		AC746F3221774598001B2B8F /* Assets.xcassets */ = {isa = PBXFileReference; lastKnownFileType = folder.assetcatalog; path = Assets.xcassets; sourceTree = "<group>"; };
		AC746F3521774598001B2B8F /* Base */ = {isa = PBXFileReference; lastKnownFileType = file.storyboard; name = Base; path = Base.lproj/LaunchScreen.storyboard; sourceTree = "<group>"; };
		AC746F3721774598001B2B8F /* Info.plist */ = {isa = PBXFileReference; lastKnownFileType = text.plist.xml; path = Info.plist; sourceTree = "<group>"; };
		AC8DA13C221F0E6900E56A0F /* eam.mp4 */ = {isa = PBXFileReference; lastKnownFileType = file; path = eam.mp4; sourceTree = "<group>"; };
/* End PBXFileReference section */

/* Begin PBXFrameworksBuildPhase section */
		AC746F2321774597001B2B8F /* Frameworks */ = {
			isa = PBXFrameworksBuildPhase;
			buildActionMask = 2147483647;
			files = (
			);
			runOnlyForDeploymentPostprocessing = 0;
		};
/* End PBXFrameworksBuildPhase section */

/* Begin PBXGroup section */
		AC746F1D21774597001B2B8F = {
			isa = PBXGroup;
			children = (
				AC746F2821774597001B2B8F /* EAM360ARVideo */,
				AC746F2721774597001B2B8F /* Products */,
			);
			sourceTree = "<group>";
		};
		AC746F2721774597001B2B8F /* Products */ = {
			isa = PBXGroup;
			children = (
				AC746F2621774597001B2B8F /* EAM360ARVideo.app */,
			);
			name = Products;
			sourceTree = "<group>";
		};
		AC746F2821774597001B2B8F /* EAM360ARVideo */ = {
			isa = PBXGroup;
			children = (
				AC8DA13C221F0E6900E56A0F /* eam.mp4 */,
				AC746F2921774597001B2B8F /* AppDelegate.swift */,
				AC746F2B21774597001B2B8F /* art.scnassets */,
				AC746F2D21774597001B2B8F /* ViewController.swift */,
				AC746F2F21774597001B2B8F /* Main.storyboard */,
				AC746F3221774598001B2B8F /* Assets.xcassets */,
				AC746F3421774598001B2B8F /* LaunchScreen.storyboard */,
				AC746F3721774598001B2B8F /* Info.plist */,
			);
			path = EAM360ARVideo;
			sourceTree = "<group>";
		};
/* End PBXGroup section */

/* Begin PBXNativeTarget section */
		AC746F2521774597001B2B8F /* EAM360ARVideo */ = {
			isa = PBXNativeTarget;
			buildConfigurationList = AC746F3A21774598001B2B8F /* Build configuration list for PBXNativeTarget "EAM360ARVideo" */;
			buildPhases = (
				AC746F2221774597001B2B8F /* Sources */,
				AC746F2321774597001B2B8F /* Frameworks */,
				AC746F2421774597001B2B8F /* Resources */,
			);
			buildRules = (
			);
			dependencies = (
			);
			name = EAM360ARVideo;
			productName = EAM360ARVideo;
			productReference = AC746F2621774597001B2B8F /* EAM360ARVideo.app */;
			productType = "com.apple.product-type.application";
		};
/* End PBXNativeTarget section */

/* Begin PBXProject section */
		AC746F1E21774597001B2B8F /* Project object */ = {
			isa = PBXProject;
			attributes = {
				LastSwiftUpdateCheck = 1000;
				LastUpgradeCheck = 1000;
				ORGANIZATIONNAME = "Raja Jawahar";
				TargetAttributes = {
					AC746F2521774597001B2B8F = {
						CreatedOnToolsVersion = 10.0;
					};
				};
			};
			buildConfigurationList = AC746F2121774597001B2B8F /* Build configuration list for PBXProject "EAM360ARVideo" */;
			compatibilityVersion = "Xcode 9.3";
			developmentRegion = en;
			hasScannedForEncodings = 0;
			knownRegions = (
				en,
				Base,
			);
			mainGroup = AC746F1D21774597001B2B8F;
			productRefGroup = AC746F2721774597001B2B8F /* Products */;
			projectDirPath = "";
			projectRoot = "";
			targets = (
				AC746F2521774597001B2B8F /* EAM360ARVideo */,
			);
		};
/* End PBXProject section */

/* Begin PBXResourcesBuildPhase section */
		AC746F2421774597001B2B8F /* Resources */ = {
			isa = PBXResourcesBuildPhase;
			buildActionMask = 2147483647;
			files = (
				AC746F2C21774597001B2B8F /* art.scnassets in Resources */,
				AC746F3621774598001B2B8F /* LaunchScreen.storyboard in Resources */,
				AC8DA13D221F0E6900E56A0F /* eam.mp4 in Resources */,
				AC746F3321774598001B2B8F /* Assets.xcassets in Resources */,
				AC746F3121774597001B2B8F /* Main.storyboard in Resources */,
			);
			runOnlyForDeploymentPostprocessing = 0;
		};
/* End PBXResourcesBuildPhase section */

/* Begin PBXSourcesBuildPhase section */
		AC746F2221774597001B2B8F /* Sources */ = {
			isa = PBXSourcesBuildPhase;
			buildActionMask = 2147483647;
			files = (
				AC746F2E21774597001B2B8F /* ViewController.swift in Sources */,
				AC746F2A21774597001B2B8F /* AppDelegate.swift in Sources */,
			);
			runOnlyForDeploymentPostprocessing = 0;
		};
/* End PBXSourcesBuildPhase section */

/* Begin PBXVariantGroup section */
		AC746F2F21774597001B2B8F /* Main.storyboard */ = {
			isa = PBXVariantGroup;
			children = (
				AC746F3021774597001B2B8F /* Base */,
			);
			name = Main.storyboard;
			sourceTree = "<group>";
		};
		AC746F3421774598001B2B8F /* LaunchScreen.storyboard */ = {
			isa = PBXVariantGroup;
			children = (
				AC746F3521774598001B2B8F /* Base */,
			);
			name = LaunchScreen.storyboard;
			sourceTree = "<group>";
		};
/* End PBXVariantGroup section */

/* Begin XCBuildConfiguration section */
		AC746F3821774598001B2B8F /* Debug */ = {
			isa = XCBuildConfiguration;
			buildSettings = {
				ALWAYS_SEARCH_USER_PATHS = NO;
				CLANG_ANALYZER_NONNULL = YES;
				CLANG_ANALYZER_NUMBER_OBJECT_CONVERSION = YES_AGGRESSIVE;
				CLANG_CXX_LANGUAGE_STANDARD = "gnu++14";
				CLANG_CXX_LIBRARY = "libc++";
				CLANG_ENABLE_MODULES = YES;
				CLANG_ENABLE_OBJC_ARC = YES;
				CLANG_ENABLE_OBJC_WEAK = YES;
				CLANG_WARN_BLOCK_CAPTURE_AUTORELEASING = YES;
				CLANG_WARN_BOOL_CONVERSION = YES;
				CLANG_WARN_COMMA = YES;
				CLANG_WARN_CONSTANT_CONVERSION = YES;
				CLANG_WARN_DEPRECATED_OBJC_IMPLEMENTATIONS = YES;
				CLANG_WARN_DIRECT_OBJC_ISA_USAGE = YES_ERROR;
				CLANG_WARN_DOCUMENTATION_COMMENTS = YES;
				CLANG_WARN_EMPTY_BODY = YES;
				CLANG_WARN_ENUM_CONVERSION = YES;
				CLANG_WARN_INFINITE_RECURSION = YES;
				CLANG_WARN_INT_CONVERSION = YES;
				CLANG_WARN_NON_LITERAL_NULL_CONVERSION = YES;
				CLANG_WARN_OBJC_IMPLICIT_RETAIN_SELF = YES;
				CLANG_WARN_OBJC_LITERAL_CONVERSION = YES;
				CLANG_WARN_OBJC_ROOT_CLASS = YES_ERROR;
				CLANG_WARN_RANGE_LOOP_ANALYSIS = YES;
				CLANG_WARN_STRICT_PROTOTYPES = YES;
				CLANG_WARN_SUSPICIOUS_MOVE = YES;
				CLANG_WARN_UNGUARDED_AVAILABILITY = YES_AGGRESSIVE;
				CLANG_WARN_UNREACHABLE_CODE = YES;
				CLANG_WARN__DUPLICATE_METHOD_MATCH = YES;
				CODE_SIGN_IDENTITY = "iPhone Developer";
				COPY_PHASE_STRIP = NO;
				DEBUG_INFORMATION_FORMAT = dwarf;
				ENABLE_STRICT_OBJC_MSGSEND = YES;
				ENABLE_TESTABILITY = YES;
				GCC_C_LANGUAGE_STANDARD = gnu11;
				GCC_DYNAMIC_NO_PIC = NO;
				GCC_NO_COMMON_BLOCKS = YES;
				GCC_OPTIMIZATION_LEVEL = 0;
				GCC_PREPROCESSOR_DEFINITIONS = (
					"DEBUG=1",
					"$(inherited)",
				);
				GCC_WARN_64_TO_32_BIT_CONVERSION = YES;
				GCC_WARN_ABOUT_RETURN_TYPE = YES_ERROR;
				GCC_WARN_UNDECLARED_SELECTOR = YES;
				GCC_WARN_UNINITIALIZED_AUTOS = YES_AGGRESSIVE;
				GCC_WARN_UNUSED_FUNCTION = YES;
				GCC_WARN_UNUSED_VARIABLE = YES;
				IPHONEOS_DEPLOYMENT_TARGET = 12.0;
				MTL_ENABLE_DEBUG_INFO = INCLUDE_SOURCE;
				MTL_FAST_MATH = YES;
				ONLY_ACTIVE_ARCH = YES;
				SDKROOT = iphoneos;
				SWIFT_ACTIVE_COMPILATION_CONDITIONS = DEBUG;
				SWIFT_OPTIMIZATION_LEVEL = "-Onone";
			};
			name = Debug;
		};
		AC746F3921774598001B2B8F /* Release */ = {
			isa = XCBuildConfiguration;
			buildSettings = {
				ALWAYS_SEARCH_USER_PATHS = NO;
				CLANG_ANALYZER_NONNULL = YES;
				CLANG_ANALYZER_NUMBER_OBJECT_CONVERSION = YES_AGGRESSIVE;
				CLANG_CXX_LANGUAGE_STANDARD = "gnu++14";
				CLANG_CXX_LIBRARY = "libc++";
				CLANG_ENABLE_MODULES = YES;
				CLANG_ENABLE_OBJC_ARC = YES;
				CLANG_ENABLE_OBJC_WEAK = YES;
				CLANG_WARN_BLOCK_CAPTURE_AUTORELEASING = YES;
				CLANG_WARN_BOOL_CONVERSION = YES;
				CLANG_WARN_COMMA = YES;
				CLANG_WARN_CONSTANT_CONVERSION = YES;
				CLANG_WARN_DEPRECATED_OBJC_IMPLEMENTATIONS = YES;
				CLANG_WARN_DIRECT_OBJC_ISA_USAGE = YES_ERROR;
				CLANG_WARN_DOCUMENTATION_COMMENTS = YES;
				CLANG_WARN_EMPTY_BODY = YES;
				CLANG_WARN_ENUM_CONVERSION = YES;
				CLANG_WARN_INFINITE_RECURSION = YES;
				CLANG_WARN_INT_CONVERSION = YES;
				CLANG_WARN_NON_LITERAL_NULL_CONVERSION = YES;
				CLANG_WARN_OBJC_IMPLICIT_RETAIN_SELF = YES;
				CLANG_WARN_OBJC_LITERAL_CONVERSION = YES;
				CLANG_WARN_OBJC_ROOT_CLASS = YES_ERROR;
				CLANG_WARN_RANGE_LOOP_ANALYSIS = YES;
				CLANG_WARN_STRICT_PROTOTYPES = YES;
				CLANG_WARN_SUSPICIOUS_MOVE = YES;
				CLANG_WARN_UNGUARDED_AVAILABILITY = YES_AGGRESSIVE;
				CLANG_WARN_UNREACHABLE_CODE = YES;
				CLANG_WARN__DUPLICATE_METHOD_MATCH = YES;
				CODE_SIGN_IDENTITY = "iPhone Developer";
				COPY_PHASE_STRIP = NO;
				DEBUG_INFORMATION_FORMAT = "dwarf-with-dsym";
				ENABLE_NS_ASSERTIONS = NO;
				ENABLE_STRICT_OBJC_MSGSEND = YES;
				GCC_C_LANGUAGE_STANDARD = gnu11;
				GCC_NO_COMMON_BLOCKS = YES;
				GCC_WARN_64_TO_32_BIT_CONVERSION = YES;
				GCC_WARN_ABOUT_RETURN_TYPE = YES_ERROR;
				GCC_WARN_UNDECLARED_SELECTOR = YES;
				GCC_WARN_UNINITIALIZED_AUTOS = YES_AGGRESSIVE;
				GCC_WARN_UNUSED_FUNCTION = YES;
				GCC_WARN_UNUSED_VARIABLE = YES;
				IPHONEOS_DEPLOYMENT_TARGET = 12.0;
				MTL_ENABLE_DEBUG_INFO = NO;
				MTL_FAST_MATH = YES;
				SDKROOT = iphoneos;
				SWIFT_COMPILATION_MODE = wholemodule;
				SWIFT_OPTIMIZATION_LEVEL = "-O";
				VALIDATE_PRODUCT = YES;
			};
			name = Release;
		};
		AC746F3B21774598001B2B8F /* Debug */ = {
			isa = XCBuildConfiguration;
			buildSettings = {
				ASSETCATALOG_COMPILER_APPICON_NAME = AppIcon;
				CODE_SIGN_STYLE = Automatic;
				DEVELOPMENT_TEAM = 277RFNKK2M;
				INFOPLIST_FILE = EAM360ARVideo/Info.plist;
				LD_RUNPATH_SEARCH_PATHS = (
					"$(inherited)",
					"@executable_path/Frameworks",
				);
				PRODUCT_BUNDLE_IDENTIFIER = com.silicontechnologies.EAM360ARVideo;
				PRODUCT_NAME = "$(TARGET_NAME)";
				SWIFT_VERSION = 4.2;
				TARGETED_DEVICE_FAMILY = "1,2";
			};
			name = Debug;
		};
		AC746F3C21774598001B2B8F /* Release */ = {
			isa = XCBuildConfiguration;
			buildSettings = {
				ASSETCATALOG_COMPILER_APPICON_NAME = AppIcon;
				CODE_SIGN_STYLE = Automatic;
				DEVELOPMENT_TEAM = 277RFNKK2M;
				INFOPLIST_FILE = EAM360ARVideo/Info.plist;
				LD_RUNPATH_SEARCH_PATHS = (
					"$(inherited)",
					"@executable_path/Frameworks",
				);
				PRODUCT_BUNDLE_IDENTIFIER = com.silicontechnologies.EAM360ARVideo;
				PRODUCT_NAME = "$(TARGET_NAME)";
				SWIFT_VERSION = 4.2;
				TARGETED_DEVICE_FAMILY = "1,2";
			};
			name = Release;
		};
/* End XCBuildConfiguration section */

/* Begin XCConfigurationList section */
		AC746F2121774597001B2B8F /* Build configuration list for PBXProject "EAM360ARVideo" */ = {
			isa = XCConfigurationList;
			buildConfigurations = (
				AC746F3821774598001B2B8F /* Debug */,
				AC746F3921774598001B2B8F /* Release */,
			);
			defaultConfigurationIsVisible = 0;
			defaultConfigurationName = Release;
		};
		AC746F3A21774598001B2B8F /* Build configuration list for PBXNativeTarget "EAM360ARVideo" */ = {
			isa = XCConfigurationList;
			buildConfigurations = (
				AC746F3B21774598001B2B8F /* Debug */,
				AC746F3C21774598001B2B8F /* Release */,
			);
			defaultConfigurationIsVisible = 0;
			defaultConfigurationName = Release;
		};
/* End XCConfigurationList section */
	};
	rootObject = AC746F1E21774597001B2B8F /* Project object */;
}
